// !$*UTF8*$!
{
	archiveVersion = 1;
	classes = {
	};
	objectVersion = 46;
	objects = {

/* Begin PBXBuildFile section */
		CA4FBC5F1BB7743100C3EB28 /* main.m in Sources */ = {isa = PBXBuildFile; fileRef = CA4FBC5E1BB7743100C3EB28 /* main.m */; };
		CA4FBC621BB7743100C3EB28 /* AppDelegate.m in Sources */ = {isa = PBXBuildFile; fileRef = CA4FBC611BB7743100C3EB28 /* AppDelegate.m */; };
		CA4FBC651BB7743100C3EB28 /* genesys_hackathon.xcdatamodeld in Sources */ = {isa = PBXBuildFile; fileRef = CA4FBC631BB7743100C3EB28 /* genesys_hackathon.xcdatamodeld */; };
		CA4FBC681BB7743100C3EB28 /* ViewController.m in Sources */ = {isa = PBXBuildFile; fileRef = CA4FBC671BB7743100C3EB28 /* ViewController.m */; };
		CA4FBC6B1BB7743100C3EB28 /* Main.storyboard in Resources */ = {isa = PBXBuildFile; fileRef = CA4FBC691BB7743100C3EB28 /* Main.storyboard */; };
		CA4FBC6D1BB7743100C3EB28 /* Images.xcassets in Resources */ = {isa = PBXBuildFile; fileRef = CA4FBC6C1BB7743100C3EB28 /* Images.xcassets */; };
		CA4FBC701BB7743100C3EB28 /* LaunchScreen.xib in Resources */ = {isa = PBXBuildFile; fileRef = CA4FBC6E1BB7743100C3EB28 /* LaunchScreen.xib */; };
		CA4FBC7C1BB7743200C3EB28 /* genesys_hackathonTests.m in Sources */ = {isa = PBXBuildFile; fileRef = CA4FBC7B1BB7743200C3EB28 /* genesys_hackathonTests.m */; };
		CA4FBC861BB85D4700C3EB28 /* maphack.jpg in Resources */ = {isa = PBXBuildFile; fileRef = CA4FBC851BB85D4700C3EB28 /* maphack.jpg */; };
		CA4FBC881BB8649400C3EB28 /* maphack2.jpg in Resources */ = {isa = PBXBuildFile; fileRef = CA4FBC871BB8649400C3EB28 /* maphack2.jpg */; };
/* End PBXBuildFile section */

/* Begin PBXContainerItemProxy section */
		CA4FBC761BB7743200C3EB28 /* PBXContainerItemProxy */ = {
			isa = PBXContainerItemProxy;
			containerPortal = CA4FBC511BB7743100C3EB28 /* Project object */;
			proxyType = 1;
			remoteGlobalIDString = CA4FBC581BB7743100C3EB28;
			remoteInfo = genesys_hackathon;
		};
/* End PBXContainerItemProxy section */

/* Begin PBXFileReference section */
		CA4FBC591BB7743100C3EB28 /* genesys_hackathon.app */ = {isa = PBXFileReference; explicitFileType = wrapper.application; includeInIndex = 0; path = genesys_hackathon.app; sourceTree = BUILT_PRODUCTS_DIR; };
		CA4FBC5D1BB7743100C3EB28 /* Info.plist */ = {isa = PBXFileReference; lastKnownFileType = text.plist.xml; path = Info.plist; sourceTree = "<group>"; };
		CA4FBC5E1BB7743100C3EB28 /* main.m */ = {isa = PBXFileReference; lastKnownFileType = sourcecode.c.objc; path = main.m; sourceTree = "<group>"; };
		CA4FBC601BB7743100C3EB28 /* AppDelegate.h */ = {isa = PBXFileReference; lastKnownFileType = sourcecode.c.h; path = AppDelegate.h; sourceTree = "<group>"; };
		CA4FBC611BB7743100C3EB28 /* AppDelegate.m */ = {isa = PBXFileReference; lastKnownFileType = sourcecode.c.objc; path = AppDelegate.m; sourceTree = "<group>"; };
		CA4FBC641BB7743100C3EB28 /* genesys_hackathon.xcdatamodel */ = {isa = PBXFileReference; lastKnownFileType = wrapper.xcdatamodel; path = genesys_hackathon.xcdatamodel; sourceTree = "<group>"; };
		CA4FBC661BB7743100C3EB28 /* ViewController.h */ = {isa = PBXFileReference; lastKnownFileType = sourcecode.c.h; path = ViewController.h; sourceTree = "<group>"; };
		CA4FBC671BB7743100C3EB28 /* ViewController.m */ = {isa = PBXFileReference; lastKnownFileType = sourcecode.c.objc; path = ViewController.m; sourceTree = "<group>"; };
		CA4FBC6A1BB7743100C3EB28 /* Base */ = {isa = PBXFileReference; lastKnownFileType = file.storyboard; name = Base; path = Base.lproj/Main.storyboard; sourceTree = "<group>"; };
		CA4FBC6C1BB7743100C3EB28 /* Images.xcassets */ = {isa = PBXFileReference; lastKnownFileType = folder.assetcatalog; path = Images.xcassets; sourceTree = "<group>"; };
		CA4FBC6F1BB7743100C3EB28 /* Base */ = {isa = PBXFileReference; lastKnownFileType = file.xib; name = Base; path = Base.lproj/LaunchScreen.xib; sourceTree = "<group>"; };
		CA4FBC751BB7743200C3EB28 /* genesys_hackathonTests.xctest */ = {isa = PBXFileReference; explicitFileType = wrapper.cfbundle; includeInIndex = 0; path = genesys_hackathonTests.xctest; sourceTree = BUILT_PRODUCTS_DIR; };
		CA4FBC7A1BB7743200C3EB28 /* Info.plist */ = {isa = PBXFileReference; lastKnownFileType = text.plist.xml; path = Info.plist; sourceTree = "<group>"; };
		CA4FBC7B1BB7743200C3EB28 /* genesys_hackathonTests.m */ = {isa = PBXFileReference; lastKnownFileType = sourcecode.c.objc; path = genesys_hackathonTests.m; sourceTree = "<group>"; };
		CA4FBC851BB85D4700C3EB28 /* maphack.jpg */ = {isa = PBXFileReference; lastKnownFileType = image.jpeg; path = maphack.jpg; sourceTree = "<group>"; };
		CA4FBC871BB8649400C3EB28 /* maphack2.jpg */ = {isa = PBXFileReference; lastKnownFileType = image.jpeg; path = maphack2.jpg; sourceTree = "<group>"; };
/* End PBXFileReference section */

/* Begin PBXFrameworksBuildPhase section */
		CA4FBC561BB7743100C3EB28 /* Frameworks */ = {
			isa = PBXFrameworksBuildPhase;
			buildActionMask = 2147483647;
			files = (
			);
			runOnlyForDeploymentPostprocessing = 0;
		};
		CA4FBC721BB7743200C3EB28 /* Frameworks */ = {
			isa = PBXFrameworksBuildPhase;
			buildActionMask = 2147483647;
			files = (
			);
			runOnlyForDeploymentPostprocessing = 0;
		};
/* End PBXFrameworksBuildPhase section */

/* Begin PBXGroup section */
		CA4FBC501BB7743100C3EB28 = {
			isa = PBXGroup;
			children = (
				CA4FBC5B1BB7743100C3EB28 /* genesys_hackathon */,
				CA4FBC781BB7743200C3EB28 /* genesys_hackathonTests */,
				CA4FBC5A1BB7743100C3EB28 /* Products */,
			);
			sourceTree = "<group>";
		};
		CA4FBC5A1BB7743100C3EB28 /* Products */ = {
			isa = PBXGroup;
			children = (
				CA4FBC591BB7743100C3EB28 /* genesys_hackathon.app */,
				CA4FBC751BB7743200C3EB28 /* genesys_hackathonTests.xctest */,
			);
			name = Products;
			sourceTree = "<group>";
		};
		CA4FBC5B1BB7743100C3EB28 /* genesys_hackathon */ = {
			isa = PBXGroup;
			children = (
				CA4FBC601BB7743100C3EB28 /* AppDelegate.h */,
				CA4FBC611BB7743100C3EB28 /* AppDelegate.m */,
				CA4FBC661BB7743100C3EB28 /* ViewController.h */,
				CA4FBC671BB7743100C3EB28 /* ViewController.m */,
				CA4FBC691BB7743100C3EB28 /* Main.storyboard */,
				CA4FBC6C1BB7743100C3EB28 /* Images.xcassets */,
				CA4FBC6E1BB7743100C3EB28 /* LaunchScreen.xib */,
				CA4FBC871BB8649400C3EB28 /* maphack2.jpg */,
				CA4FBC631BB7743100C3EB28 /* genesys_hackathon.xcdatamodeld */,
				CA4FBC5C1BB7743100C3EB28 /* Supporting Files */,
			);
			path = genesys_hackathon;
			sourceTree = "<group>";
		};
		CA4FBC5C1BB7743100C3EB28 /* Supporting Files */ = {
			isa = PBXGroup;
			children = (
				CA4FBC851BB85D4700C3EB28 /* maphack.jpg */,
				CA4FBC5D1BB7743100C3EB28 /* Info.plist */,
				CA4FBC5E1BB7743100C3EB28 /* main.m */,
			);
			name = "Supporting Files";
			sourceTree = "<group>";
		};
		CA4FBC781BB7743200C3EB28 /* genesys_hackathonTests */ = {
			isa = PBXGroup;
			children = (
				CA4FBC7B1BB7743200C3EB28 /* genesys_hackathonTests.m */,
				CA4FBC791BB7743200C3EB28 /* Supporting Files */,
			);
			path = genesys_hackathonTests;
			sourceTree = "<group>";
		};
		CA4FBC791BB7743200C3EB28 /* Supporting Files */ = {
			isa = PBXGroup;
			children = (
				CA4FBC7A1BB7743200C3EB28 /* Info.plist */,
			);
			name = "Supporting Files";
			sourceTree = "<group>";
		};
/* End PBXGroup section */

/* Begin PBXNativeTarget section */
		CA4FBC581BB7743100C3EB28 /* genesys_hackathon */ = {
			isa = PBXNativeTarget;
			buildConfigurationList = CA4FBC7F1BB7743200C3EB28 /* Build configuration list for PBXNativeTarget "genesys_hackathon" */;
			buildPhases = (
				CA4FBC551BB7743100C3EB28 /* Sources */,
				CA4FBC561BB7743100C3EB28 /* Frameworks */,
				CA4FBC571BB7743100C3EB28 /* Resources */,
			);
			buildRules = (
			);
			dependencies = (
			);
			name = genesys_hackathon;
			productName = genesys_hackathon;
			productReference = CA4FBC591BB7743100C3EB28 /* genesys_hackathon.app */;
			productType = "com.apple.product-type.application";
		};
		CA4FBC741BB7743200C3EB28 /* genesys_hackathonTests */ = {
			isa = PBXNativeTarget;
			buildConfigurationList = CA4FBC821BB7743200C3EB28 /* Build configuration list for PBXNativeTarget "genesys_hackathonTests" */;
			buildPhases = (
				CA4FBC711BB7743200C3EB28 /* Sources */,
				CA4FBC721BB7743200C3EB28 /* Frameworks */,
				CA4FBC731BB7743200C3EB28 /* Resources */,
			);
			buildRules = (
			);
			dependencies = (
				CA4FBC771BB7743200C3EB28 /* PBXTargetDependency */,
			);
			name = genesys_hackathonTests;
			productName = genesys_hackathonTests;
			productReference = CA4FBC751BB7743200C3EB28 /* genesys_hackathonTests.xctest */;
			productType = "com.apple.product-type.bundle.unit-test";
		};
/* End PBXNativeTarget section */

/* Begin PBXProject section */
		CA4FBC511BB7743100C3EB28 /* Project object */ = {
			isa = PBXProject;
			attributes = {
				LastUpgradeCheck = 0640;
				ORGANIZATIONNAME = "Alvin Xu";
				TargetAttributes = {
					CA4FBC581BB7743100C3EB28 = {
						CreatedOnToolsVersion = 6.4;
					};
					CA4FBC741BB7743200C3EB28 = {
						CreatedOnToolsVersion = 6.4;
						TestTargetID = CA4FBC581BB7743100C3EB28;
					};
				};
			};
			buildConfigurationList = CA4FBC541BB7743100C3EB28 /* Build configuration list for PBXProject "genesys_hackathon" */;
			compatibilityVersion = "Xcode 3.2";
			developmentRegion = English;
			hasScannedForEncodings = 0;
			knownRegions = (
				en,
				Base,
			);
			mainGroup = CA4FBC501BB7743100C3EB28;
			productRefGroup = CA4FBC5A1BB7743100C3EB28 /* Products */;
			projectDirPath = "";
			projectRoot = "";
			targets = (
				CA4FBC581BB7743100C3EB28 /* genesys_hackathon */,
				CA4FBC741BB7743200C3EB28 /* genesys_hackathonTests */,
			);
		};
/* End PBXProject section */

/* Begin PBXResourcesBuildPhase section */
		CA4FBC571BB7743100C3EB28 /* Resources */ = {
			isa = PBXResourcesBuildPhase;
			buildActionMask = 2147483647;
			files = (
				CA4FBC6B1BB7743100C3EB28 /* Main.storyboard in Resources */,
				CA4FBC701BB7743100C3EB28 /* LaunchScreen.xib in Resources */,
				CA4FBC6D1BB7743100C3EB28 /* Images.xcassets in Resources */,
				CA4FBC881BB8649400C3EB28 /* maphack2.jpg in Resources */,
				CA4FBC861BB85D4700C3EB28 /* maphack.jpg in Resources */,
			);
			runOnlyForDeploymentPostprocessing = 0;
		};
		CA4FBC731BB7743200C3EB28 /* Resources */ = {
			isa = PBXResourcesBuildPhase;
			buildActionMask = 2147483647;
			files = (
			);
			runOnlyForDeploymentPostprocessing = 0;
		};
/* End PBXResourcesBuildPhase section */

/* Begin PBXSourcesBuildPhase section */
		CA4FBC551BB7743100C3EB28 /* Sources */ = {
			isa = PBXSourcesBuildPhase;
			buildActionMask = 2147483647;
			files = (
				CA4FBC621BB7743100C3EB28 /* AppDelegate.m in Sources */,
				CA4FBC5F1BB7743100C3EB28 /* main.m in Sources */,
				CA4FBC681BB7743100C3EB28 /* ViewController.m in Sources */,
				CA4FBC651BB7743100C3EB28 /* genesys_hackathon.xcdatamodeld in Sources */,
			);
			runOnlyForDeploymentPostprocessing = 0;
		};
		CA4FBC711BB7743200C3EB28 /* Sources */ = {
			isa = PBXSourcesBuildPhase;
			buildActionMask = 2147483647;
			files = (
				CA4FBC7C1BB7743200C3EB28 /* genesys_hackathonTests.m in Sources */,
			);
			runOnlyForDeploymentPostprocessing = 0;
		};
/* End PBXSourcesBuildPhase section */

/* Begin PBXTargetDependency section */
		CA4FBC771BB7743200C3EB28 /* PBXTargetDependency */ = {
			isa = PBXTargetDependency;
			target = CA4FBC581BB7743100C3EB28 /* genesys_hackathon */;
			targetProxy = CA4FBC761BB7743200C3EB28 /* PBXContainerItemProxy */;
		};
/* End PBXTargetDependency section */

/* Begin PBXVariantGroup section */
		CA4FBC691BB7743100C3EB28 /* Main.storyboard */ = {
			isa = PBXVariantGroup;
			children = (
				CA4FBC6A1BB7743100C3EB28 /* Base */,
			);
			name = Main.storyboard;
			sourceTree = "<group>";
		};
		CA4FBC6E1BB7743100C3EB28 /* LaunchScreen.xib */ = {
			isa = PBXVariantGroup;
			children = (
				CA4FBC6F1BB7743100C3EB28 /* Base */,
			);
			name = LaunchScreen.xib;
			sourceTree = "<group>";
		};
/* End PBXVariantGroup section */

/* Begin XCBuildConfiguration section */
		CA4FBC7D1BB7743200C3EB28 /* Debug */ = {
			isa = XCBuildConfiguration;
			buildSettings = {
				ALWAYS_SEARCH_USER_PATHS = NO;
				CLANG_CXX_LANGUAGE_STANDARD = "gnu++0x";
				CLANG_CXX_LIBRARY = "libc++";
				CLANG_ENABLE_MODULES = YES;
				CLANG_ENABLE_OBJC_ARC = YES;
				CLANG_WARN_BOOL_CONVERSION = YES;
				CLANG_WARN_CONSTANT_CONVERSION = YES;
				CLANG_WARN_DIRECT_OBJC_ISA_USAGE = YES_ERROR;
				CLANG_WARN_EMPTY_BODY = YES;
				CLANG_WARN_ENUM_CONVERSION = YES;
				CLANG_WARN_INT_CONVERSION = YES;
				CLANG_WARN_OBJC_ROOT_CLASS = YES_ERROR;
				CLANG_WARN_UNREACHABLE_CODE = YES;
				CLANG_WARN__DUPLICATE_METHOD_MATCH = YES;
				"CODE_SIGN_IDENTITY[sdk=iphoneos*]" = "iPhone Developer";
				COPY_PHASE_STRIP = NO;
				DEBUG_INFORMATION_FORMAT = "dwarf-with-dsym";
				ENABLE_STRICT_OBJC_MSGSEND = YES;
				GCC_C_LANGUAGE_STANDARD = gnu99;
				GCC_DYNAMIC_NO_PIC = NO;
				GCC_NO_COMMON_BLOCKS = YES;
				GCC_OPTIMIZATION_LEVEL = 0;
				GCC_PREPROCESSOR_DEFINITIONS = (
					"DEBUG=1",
					"$(inherited)",
				);
				GCC_SYMBOLS_PRIVATE_EXTERN = NO;
				GCC_WARN_64_TO_32_BIT_CONVERSION = YES;
				GCC_WARN_ABOUT_RETURN_TYPE = YES_ERROR;
				GCC_WARN_UNDECLARED_SELECTOR = YES;
				GCC_WARN_UNINITIALIZED_AUTOS = YES_AGGRESSIVE;
				GCC_WARN_UNUSED_FUNCTION = YES;
				GCC_WARN_UNUSED_VARIABLE = YES;
				IPHONEOS_DEPLOYMENT_TARGET = 8.4;
				MTL_ENABLE_DEBUG_INFO = YES;
				ONLY_ACTIVE_ARCH = YES;
				SDKROOT = iphoneos;
			};
			name = Debug;
		};
		CA4FBC7E1BB7743200C3EB28 /* Release */ = {
			isa = XCBuildConfiguration;
			buildSettings = {
				ALWAYS_SEARCH_USER_PATHS = NO;
				CLANG_CXX_LANGUAGE_STANDARD = "gnu++0x";
				CLANG_CXX_LIBRARY = "libc++";
				CLANG_ENABLE_MODULES = YES;
				CLANG_ENABLE_OBJC_ARC = YES;
				CLANG_WARN_BOOL_CONVERSION = YES;
				CLANG_WARN_CONSTANT_CONVERSION = YES;
				CLANG_WARN_DIRECT_OBJC_ISA_USAGE = YES_ERROR;
				CLANG_WARN_EMPTY_BODY = YES;
				CLANG_WARN_ENUM_CONVERSION = YES;
				CLANG_WARN_INT_CONVERSION = YES;
				CLANG_WARN_OBJC_ROOT_CLASS = YES_ERROR;
				CLANG_WARN_UNREACHABLE_CODE = YES;
				CLANG_WARN__DUPLICATE_METHOD_MATCH = YES;
				"CODE_SIGN_IDENTITY[sdk=iphoneos*]" = "iPhone Developer";
				COPY_PHASE_STRIP = NO;
				DEBUG_INFORMATION_FORMAT = "dwarf-with-dsym";
				ENABLE_NS_ASSERTIONS = NO;
				ENABLE_STRICT_OBJC_MSGSEND = YES;
				GCC_C_LANGUAGE_STANDARD = gnu99;
				GCC_NO_COMMON_BLOCKS = YES;
				GCC_WARN_64_TO_32_BIT_CONVERSION = YES;
				GCC_WARN_ABOUT_RETURN_TYPE = YES_ERROR;
				GCC_WARN_UNDECLARED_SELECTOR = YES;
				GCC_WARN_UNINITIALIZED_AUTOS = YES_AGGRESSIVE;
				GCC_WARN_UNUSED_FUNCTION = YES;
				GCC_WARN_UNUSED_VARIABLE = YES;
				IPHONEOS_DEPLOYMENT_TARGET = 8.4;
				MTL_ENABLE_DEBUG_INFO = NO;
				SDKROOT = iphoneos;
				VALIDATE_PRODUCT = YES;
			};
			name = Release;
		};
		CA4FBC801BB7743200C3EB28 /* Debug */ = {
			isa = XCBuildConfiguration;
			buildSettings = {
				ASSETCATALOG_COMPILER_APPICON_NAME = AppIcon;
				INFOPLIST_FILE = genesys_hackathon/Info.plist;
				IPHONEOS_DEPLOYMENT_TARGET = 8.4;
				LD_RUNPATH_SEARCH_PATHS = "$(inherited) @executable_path/Frameworks";
				PRODUCT_NAME = "$(TARGET_NAME)";
			};
			name = Debug;
		};
		CA4FBC811BB7743200C3EB28 /* Release */ = {
			isa = XCBuildConfiguration;
			buildSettings = {
				ASSETCATALOG_COMPILER_APPICON_NAME = AppIcon;
				INFOPLIST_FILE = genesys_hackathon/Info.plist;
				IPHONEOS_DEPLOYMENT_TARGET = 8.4;
				LD_RUNPATH_SEARCH_PATHS = "$(inherited) @executable_path/Frameworks";
				PRODUCT_NAME = "$(TARGET_NAME)";
			};
			name = Release;
		};
		CA4FBC831BB7743200C3EB28 /* Debug */ = {
			isa = XCBuildConfiguration;
			buildSettings = {
				BUNDLE_LOADER = "$(TEST_HOST)";
				FRAMEWORK_SEARCH_PATHS = (
					"$(SDKROOT)/Developer/Library/Frameworks",
					"$(inherited)",
				);
				GCC_PREPROCESSOR_DEFINITIONS = (
					"DEBUG=1",
					"$(inherited)",
				);
				INFOPLIST_FILE = genesys_hackathonTests/Info.plist;
				LD_RUNPATH_SEARCH_PATHS = "$(inherited) @executable_path/Frameworks @loader_path/Frameworks";
				PRODUCT_NAME = "$(TARGET_NAME)";
				TEST_HOST = "$(BUILT_PRODUCTS_DIR)/genesys_hackathon.app/genesys_hackathon";
			};
			name = Debug;
		};
		CA4FBC841BB7743200C3EB28 /* Release */ = {
			isa = XCBuildConfiguration;
			buildSettings = {
				BUNDLE_LOADER = "$(TEST_HOST)";
				FRAMEWORK_SEARCH_PATHS = (
					"$(SDKROOT)/Developer/Library/Frameworks",
					"$(inherited)",
				);
				INFOPLIST_FILE = genesys_hackathonTests/Info.plist;
				LD_RUNPATH_SEARCH_PATHS = "$(inherited) @executable_path/Frameworks @loader_path/Frameworks";
				PRODUCT_NAME = "$(TARGET_NAME)";
				TEST_HOST = "$(BUILT_PRODUCTS_DIR)/genesys_hackathon.app/genesys_hackathon";
			};
			name = Release;
		};
/* End XCBuildConfiguration section */

/* Begin XCConfigurationList section */
		CA4FBC541BB7743100C3EB28 /* Build configuration list for PBXProject "genesys_hackathon" */ = {
			isa = XCConfigurationList;
			buildConfigurations = (
				CA4FBC7D1BB7743200C3EB28 /* Debug */,
				CA4FBC7E1BB7743200C3EB28 /* Release */,
			);
			defaultConfigurationIsVisible = 0;
			defaultConfigurationName = Release;
		};
		CA4FBC7F1BB7743200C3EB28 /* Build configuration list for PBXNativeTarget "genesys_hackathon" */ = {
			isa = XCConfigurationList;
			buildConfigurations = (
				CA4FBC801BB7743200C3EB28 /* Debug */,
				CA4FBC811BB7743200C3EB28 /* Release */,
			);
			defaultConfigurationIsVisible = 0;
		};
		CA4FBC821BB7743200C3EB28 /* Build configuration list for PBXNativeTarget "genesys_hackathonTests" */ = {
			isa = XCConfigurationList;
			buildConfigurations = (
				CA4FBC831BB7743200C3EB28 /* Debug */,
				CA4FBC841BB7743200C3EB28 /* Release */,
			);
			defaultConfigurationIsVisible = 0;
		};
/* End XCConfigurationList section */

/* Begin XCVersionGroup section */
		CA4FBC631BB7743100C3EB28 /* genesys_hackathon.xcdatamodeld */ = {
			isa = XCVersionGroup;
			children = (
				CA4FBC641BB7743100C3EB28 /* genesys_hackathon.xcdatamodel */,
			);
			currentVersion = CA4FBC641BB7743100C3EB28 /* genesys_hackathon.xcdatamodel */;
			path = genesys_hackathon.xcdatamodeld;
			sourceTree = "<group>";
			versionGroupType = wrapper.xcdatamodel;
		};
/* End XCVersionGroup section */
	};
	rootObject = CA4FBC511BB7743100C3EB28 /* Project object */;
}
